
Microsoft Visual Studio Solution File, Format Version 12.00
# Visual Studio Version 16
VisualStudioVersion = 16.0.30907.101
MinimumVisualStudioVersion = 10.0.40219.1
Project("{FAE04EC0-301F-11D3-BF4B-00C04F79EFBC}") = "ServerChatApp_013_AkbarSetiyoAdiPutro", "ServerChatApp_013_AkbarSetiyoAdiPutro.csproj", "{0788C62F-B091-4A81-8028-75F9541A477C}"
EndProject
Global
	GlobalSection(SolutionConfigurationPlatforms) = preSolution
		Debug|Any CPU = Debug|Any CPU
		Release|Any CPU = Release|Any CPU
	EndGlobalSection
	GlobalSection(ProjectConfigurationPlatforms) = postSolution
		{0788C62F-B091-4A81-8028-75F9541A477C}.Debug|Any CPU.ActiveCfg = Debug|Any CPU
		{0788C62F-B091-4A81-8028-75F9541A477C}.Debug|Any CPU.Build.0 = Debug|Any CPU
		{0788C62F-B091-4A81-8028-75F9541A477C}.Release|Any CPU.ActiveCfg = Release|Any CPU
		{0788C62F-B091-4A81-8028-75F9541A477C}.Release|Any CPU.Build.0 = Release|Any CPU
	EndGlobalSection
	GlobalSection(SolutionProperties) = preSolution
		HideSolutionNode = FALSE
	EndGlobalSection
	GlobalSection(ExtensibilityGlobals) = postSolution
		SolutionGuid = {F8D835C9-9B4B-4F4D-AF4D-DF1339540DBC}
	EndGlobalSection
EndGlobal
